{
  "name": "assets",
  "lockfileVersion": 3,
  "requires": true,
  "packages": {
    "": {
      "dependencies": {
        "daisyui": "5.5.20",
        "topbar": "3.0.1"
      }
    },
    "node_modules/daisyui": {
      "version": "5.5.20",
      "resolved": "https://registry.npmjs.org/daisyui/-/daisyui-5.5.20.tgz",
      "integrity": "sha512-HemJcjl0Gk9rQ8BcgofN6p+EURrqftQG9wK1Hkxs98i49xe68+QxpNvry+PyxwkIUgrbMpNmZ5ZWjmtffAjfhQ==",
      "license": "MIT",
      "funding": {
        "url": "https://github.com/saadeghi/daisyui?sponsor=1"
      }
    },
    "node_modules/topbar": {
      "version": "3.0.1",
      "resolved": "https://registry.npmjs.org/topbar/-/topbar-3.0.1.tgz",
      "integrity": "sha512-3CFWdkUC4KLsyLpW8IcX5EXskFtJtNl9O2/qNO/4Ncd/lWgipY/pmyv0D8bw2bTepl/+MUGhNhu2n3IitUuQNA==",
      "license": "MIT"
    }
  }
}
